
Microsoft Visual Studio Solution File, Format Version 12.00
# Visual Studio Version 17
VisualStudioVersion = 17.6.33829.357
MinimumVisualStudioVersion = 10.0.40219.1
Project("{FAE04EC0-301F-11D3-BF4B-00C04F79EFBC}") = "Atividade 01", "Atividade 01\Atividade 01.csproj", "{F45C4CC7-ACA5-431F-ADA1-6BDC4E1DAB79}"
EndProject
Global
	GlobalSection(SolutionConfigurationPlatforms) = preSolution
		Debug|Any CPU = Debug|Any CPU
		Release|Any CPU = Release|Any CPU
	EndGlobalSection
	GlobalSection(ProjectConfigurationPlatforms) = postSolution
		{F45C4CC7-ACA5-431F-ADA1-6BDC4E1DAB79}.Debug|Any CPU.ActiveCfg = Debug|Any CPU
		{F45C4CC7-ACA5-431F-ADA1-6BDC4E1DAB79}.Debug|Any CPU.Build.0 = Debug|Any CPU
		{F45C4CC7-ACA5-431F-ADA1-6BDC4E1DAB79}.Release|Any CPU.ActiveCfg = Release|Any CPU
		{F45C4CC7-ACA5-431F-ADA1-6BDC4E1DAB79}.Release|Any CPU.Build.0 = Release|Any CPU
	EndGlobalSection
	GlobalSection(SolutionProperties) = preSolution
		HideSolutionNode = FALSE
	EndGlobalSection
	GlobalSection(ExtensibilityGlobals) = postSolution
		SolutionGuid = {403E3DA8-5FEF-421E-9DC3-23DF304BA06A}
	EndGlobalSection
EndGlobal
