
Microsoft Visual Studio Solution File, Format Version 12.00
# Visual Studio Version 17
VisualStudioVersion = 17.6.33829.357
MinimumVisualStudioVersion = 10.0.40219.1
Project("{FAE04EC0-301F-11D3-BF4B-00C04F79EFBC}") = "Atividade 10", "Atividade 10\Atividade 10.csproj", "{8BAA3DE8-5322-4F7D-B7A4-332EF188051F}"
EndProject
Global
	GlobalSection(SolutionConfigurationPlatforms) = preSolution
		Debug|Any CPU = Debug|Any CPU
		Release|Any CPU = Release|Any CPU
	EndGlobalSection
	GlobalSection(ProjectConfigurationPlatforms) = postSolution
		{8BAA3DE8-5322-4F7D-B7A4-332EF188051F}.Debug|Any CPU.ActiveCfg = Debug|Any CPU
		{8BAA3DE8-5322-4F7D-B7A4-332EF188051F}.Debug|Any CPU.Build.0 = Debug|Any CPU
		{8BAA3DE8-5322-4F7D-B7A4-332EF188051F}.Release|Any CPU.ActiveCfg = Release|Any CPU
		{8BAA3DE8-5322-4F7D-B7A4-332EF188051F}.Release|Any CPU.Build.0 = Release|Any CPU
	EndGlobalSection
	GlobalSection(SolutionProperties) = preSolution
		HideSolutionNode = FALSE
	EndGlobalSection
	GlobalSection(ExtensibilityGlobals) = postSolution
		SolutionGuid = {C224C814-B838-47EE-ACD3-EC61A323AE6A}
	EndGlobalSection
EndGlobal
